
Microsoft Visual Studio Solution File, Format Version 12.00
# Visual Studio Version 17
VisualStudioVersion = 17.9.34714.143
MinimumVisualStudioVersion = 10.0.40219.1
Project("{FAE04EC0-301F-11D3-BF4B-00C04F79EFBC}") = "Exercise3-7", "Exercise3-7\Exercise3-7.csproj", "{3937DAE8-28B7-4E1C-A85D-C359C9D2D428}"
EndProject
Global
	GlobalSection(SolutionConfigurationPlatforms) = preSolution
		Debug|Any CPU = Debug|Any CPU
		Release|Any CPU = Release|Any CPU
	EndGlobalSection
	GlobalSection(ProjectConfigurationPlatforms) = postSolution
		{3937DAE8-28B7-4E1C-A85D-C359C9D2D428}.Debug|Any CPU.ActiveCfg = Debug|Any CPU
		{3937DAE8-28B7-4E1C-A85D-C359C9D2D428}.Debug|Any CPU.Build.0 = Debug|Any CPU
		{3937DAE8-28B7-4E1C-A85D-C359C9D2D428}.Release|Any CPU.ActiveCfg = Release|Any CPU
		{3937DAE8-28B7-4E1C-A85D-C359C9D2D428}.Release|Any CPU.Build.0 = Release|Any CPU
	EndGlobalSection
	GlobalSection(SolutionProperties) = preSolution
		HideSolutionNode = FALSE
	EndGlobalSection
	GlobalSection(ExtensibilityGlobals) = postSolution
		SolutionGuid = {84916400-2F8A-4104-8E6C-3613C0A79DFD}
	EndGlobalSection
EndGlobal
